{
    "_meta": {
        "hash": {
            "sha256": "df0bd0a47f29883ef7d12c7f929b33093fa40801f3155cb1f52ee8e36990969e"
        },
        "pipfile-spec": 6,
        "requires": {
            "python_version": "3.10"
        },
        "sources": [
            {
                "name": "pypi",
                "url": "https://pypi.org/simple",
                "verify_ssl": true
            }
        ]
    },
    "default": {},
    "develop": {}
}
